
Microsoft Visual Studio Solution File, Format Version 12.00
# Visual Studio Version 17
VisualStudioVersion = 17.1.32210.238
MinimumVisualStudioVersion = 10.0.40219.1
Project("{2150E333-8FDC-42A3-9474-1A3956D46DE8}") = "apps", "apps", "{3C68650C-1AA4-45A7-B285-1F4249F37666}"
EndProject
Project("{2150E333-8FDC-42A3-9474-1A3956D46DE8}") = "admin-app", "admin-app", "{FDB18E39-B4A0-4C8D-A6CD-B646B404A32F}"
EndProject
Project("{2150E333-8FDC-42A3-9474-1A3956D46DE8}") = "src", "src", "{D1CBEE29-BA35-48B0-A1E9-5ADF3BAECE0B}"
EndProject
Project("{9A19103F-16F7-4668-BE54-9A1E7A4F7556}") = "Gracker.AdminApp", "apps\admin-app\src\Gracker.AdminApp\Gracker.AdminApp.csproj", "{4516DB5D-3309-4220-A845-C4E3D1934FAC}"
EndProject
Project("{2150E333-8FDC-42A3-9474-1A3956D46DE8}") = "api", "api", "{FCF70237-2A40-42F9-A0AB-E01E0A360D13}"
EndProject
Project("{2150E333-8FDC-42A3-9474-1A3956D46DE8}") = "src", "src", "{01FF6ED4-9562-40CF-916B-CE2588C01860}"
EndProject
Project("{9A19103F-16F7-4668-BE54-9A1E7A4F7556}") = "Gracker.Api", "apps\api\src\Gracker.Api\Gracker.Api.csproj", "{E2692AB2-C840-4639-9084-738CB0E245ED}"
EndProject
Project("{2150E333-8FDC-42A3-9474-1A3956D46DE8}") = "worker-app", "worker-app", "{9B5148D6-6458-4A6D-BAE8-CFD5CAADC2A3}"
EndProject
Project("{2150E333-8FDC-42A3-9474-1A3956D46DE8}") = "src", "src", "{BA40D5B9-E74F-42AA-B0CB-74CCBC985FD0}"
EndProject
Project("{9A19103F-16F7-4668-BE54-9A1E7A4F7556}") = "Gracker.WorkerApp", "apps\worker-app\src\Gracker.WorkerApp\Gracker.WorkerApp.csproj", "{5E9CC977-5612-400A-868D-1C530C2779BB}"
EndProject
Project("{2150E333-8FDC-42A3-9474-1A3956D46DE8}") = "libs", "libs", "{C9316048-31D0-45E6-BEFE-0D91BC847783}"
EndProject
Project("{9A19103F-16F7-4668-BE54-9A1E7A4F7556}") = "Gracker.ServiceShell", "libs\Gracker.ServiceShell\Gracker.ServiceShell.csproj", "{210D3C57-139A-4A68-B7CA-D6EAB84D40B3}"
EndProject
Project("{FAE04EC0-301F-11D3-BF4B-00C04F79EFBC}") = "Gracker.MessageContracts", "libs\Gracker.MessageContracts\Gracker.MessageContracts.csproj", "{F45970DA-B7EA-41FF-ABBD-87677099F0B1}"
EndProject
Project("{FAE04EC0-301F-11D3-BF4B-00C04F79EFBC}") = "Gracker.WorkerApp.Infrastructure.Data", "apps\worker-app\src\Gracker.WorkerApp.Infrastructure.Data\Gracker.WorkerApp.Infrastructure.Data.csproj", "{A13BD14A-6439-4BE2-A634-3A1DA8029C3D}"
EndProject
Project("{2150E333-8FDC-42A3-9474-1A3956D46DE8}") = "tests", "tests", "{7AAB5E8C-8C54-48DD-B3BE-94B8F585ABE0}"
EndProject
Project("{FAE04EC0-301F-11D3-BF4B-00C04F79EFBC}") = "Gracker.Api.Tests", "apps\api\tests\Gracker.Api.Tests\Gracker.Api.Tests.csproj", "{046F5F8A-17DD-4514-90D7-FACAA47384F4}"
EndProject
Global
	GlobalSection(SolutionConfigurationPlatforms) = preSolution
		Debug|Any CPU = Debug|Any CPU
		Release|Any CPU = Release|Any CPU
	EndGlobalSection
	GlobalSection(ProjectConfigurationPlatforms) = postSolution
		{4516DB5D-3309-4220-A845-C4E3D1934FAC}.Debug|Any CPU.ActiveCfg = Debug|Any CPU
		{4516DB5D-3309-4220-A845-C4E3D1934FAC}.Debug|Any CPU.Build.0 = Debug|Any CPU
		{4516DB5D-3309-4220-A845-C4E3D1934FAC}.Release|Any CPU.ActiveCfg = Release|Any CPU
		{4516DB5D-3309-4220-A845-C4E3D1934FAC}.Release|Any CPU.Build.0 = Release|Any CPU
		{E2692AB2-C840-4639-9084-738CB0E245ED}.Debug|Any CPU.ActiveCfg = Debug|Any CPU
		{E2692AB2-C840-4639-9084-738CB0E245ED}.Debug|Any CPU.Build.0 = Debug|Any CPU
		{E2692AB2-C840-4639-9084-738CB0E245ED}.Release|Any CPU.ActiveCfg = Release|Any CPU
		{E2692AB2-C840-4639-9084-738CB0E245ED}.Release|Any CPU.Build.0 = Release|Any CPU
		{5E9CC977-5612-400A-868D-1C530C2779BB}.Debug|Any CPU.ActiveCfg = Debug|Any CPU
		{5E9CC977-5612-400A-868D-1C530C2779BB}.Debug|Any CPU.Build.0 = Debug|Any CPU
		{5E9CC977-5612-400A-868D-1C530C2779BB}.Release|Any CPU.ActiveCfg = Release|Any CPU
		{5E9CC977-5612-400A-868D-1C530C2779BB}.Release|Any CPU.Build.0 = Release|Any CPU
		{210D3C57-139A-4A68-B7CA-D6EAB84D40B3}.Debug|Any CPU.ActiveCfg = Debug|Any CPU
		{210D3C57-139A-4A68-B7CA-D6EAB84D40B3}.Debug|Any CPU.Build.0 = Debug|Any CPU
		{210D3C57-139A-4A68-B7CA-D6EAB84D40B3}.Release|Any CPU.ActiveCfg = Release|Any CPU
		{210D3C57-139A-4A68-B7CA-D6EAB84D40B3}.Release|Any CPU.Build.0 = Release|Any CPU
		{F45970DA-B7EA-41FF-ABBD-87677099F0B1}.Debug|Any CPU.ActiveCfg = Debug|Any CPU
		{F45970DA-B7EA-41FF-ABBD-87677099F0B1}.Debug|Any CPU.Build.0 = Debug|Any CPU
		{F45970DA-B7EA-41FF-ABBD-87677099F0B1}.Release|Any CPU.ActiveCfg = Release|Any CPU
		{F45970DA-B7EA-41FF-ABBD-87677099F0B1}.Release|Any CPU.Build.0 = Release|Any CPU
		{A13BD14A-6439-4BE2-A634-3A1DA8029C3D}.Debug|Any CPU.ActiveCfg = Debug|Any CPU
		{A13BD14A-6439-4BE2-A634-3A1DA8029C3D}.Debug|Any CPU.Build.0 = Debug|Any CPU
		{A13BD14A-6439-4BE2-A634-3A1DA8029C3D}.Release|Any CPU.ActiveCfg = Release|Any CPU
		{A13BD14A-6439-4BE2-A634-3A1DA8029C3D}.Release|Any CPU.Build.0 = Release|Any CPU
		{046F5F8A-17DD-4514-90D7-FACAA47384F4}.Debug|Any CPU.ActiveCfg = Debug|Any CPU
		{046F5F8A-17DD-4514-90D7-FACAA47384F4}.Debug|Any CPU.Build.0 = Debug|Any CPU
		{046F5F8A-17DD-4514-90D7-FACAA47384F4}.Release|Any CPU.ActiveCfg = Release|Any CPU
		{046F5F8A-17DD-4514-90D7-FACAA47384F4}.Release|Any CPU.Build.0 = Release|Any CPU
	EndGlobalSection
	GlobalSection(SolutionProperties) = preSolution
		HideSolutionNode = FALSE
	EndGlobalSection
	GlobalSection(NestedProjects) = preSolution
		{FDB18E39-B4A0-4C8D-A6CD-B646B404A32F} = {3C68650C-1AA4-45A7-B285-1F4249F37666}
		{D1CBEE29-BA35-48B0-A1E9-5ADF3BAECE0B} = {FDB18E39-B4A0-4C8D-A6CD-B646B404A32F}
		{4516DB5D-3309-4220-A845-C4E3D1934FAC} = {D1CBEE29-BA35-48B0-A1E9-5ADF3BAECE0B}
		{FCF70237-2A40-42F9-A0AB-E01E0A360D13} = {3C68650C-1AA4-45A7-B285-1F4249F37666}
		{01FF6ED4-9562-40CF-916B-CE2588C01860} = {FCF70237-2A40-42F9-A0AB-E01E0A360D13}
		{E2692AB2-C840-4639-9084-738CB0E245ED} = {01FF6ED4-9562-40CF-916B-CE2588C01860}
		{9B5148D6-6458-4A6D-BAE8-CFD5CAADC2A3} = {3C68650C-1AA4-45A7-B285-1F4249F37666}
		{BA40D5B9-E74F-42AA-B0CB-74CCBC985FD0} = {9B5148D6-6458-4A6D-BAE8-CFD5CAADC2A3}
		{5E9CC977-5612-400A-868D-1C530C2779BB} = {BA40D5B9-E74F-42AA-B0CB-74CCBC985FD0}
		{210D3C57-139A-4A68-B7CA-D6EAB84D40B3} = {C9316048-31D0-45E6-BEFE-0D91BC847783}
		{F45970DA-B7EA-41FF-ABBD-87677099F0B1} = {C9316048-31D0-45E6-BEFE-0D91BC847783}
		{A13BD14A-6439-4BE2-A634-3A1DA8029C3D} = {BA40D5B9-E74F-42AA-B0CB-74CCBC985FD0}
		{7AAB5E8C-8C54-48DD-B3BE-94B8F585ABE0} = {FCF70237-2A40-42F9-A0AB-E01E0A360D13}
		{046F5F8A-17DD-4514-90D7-FACAA47384F4} = {7AAB5E8C-8C54-48DD-B3BE-94B8F585ABE0}
	EndGlobalSection
	GlobalSection(ExtensibilityGlobals) = postSolution
		SolutionGuid = {4AA716A7-3830-466F-A406-9E7EA8E19208}
	EndGlobalSection
EndGlobal
